
Microsoft Visual Studio Solution File, Format Version 12.00
# Visual Studio Version 16
VisualStudioVersion = 16.0.28803.202
MinimumVisualStudioVersion = 10.0.40219.1
Project("{FAE04EC0-301F-11D3-BF4B-00C04F79EFBC}") = "Week7Functionss", "Week7Functionss\Week7Functionss.csproj", "{138DA33B-3556-4583-9657-E161C6A8D189}"
EndProject
Project("{FAE04EC0-301F-11D3-BF4B-00C04F79EFBC}") = "Task2", "Task2\Task2.csproj", "{70A0739A-8462-4CB9-948D-5551C5D17D8F}"
EndProject
Project("{FAE04EC0-301F-11D3-BF4B-00C04F79EFBC}") = "task3", "task3\task3.csproj", "{01DA9B21-776C-4E36-B679-AA87A37502EE}"
EndProject
Global
	GlobalSection(SolutionConfigurationPlatforms) = preSolution
		Debug|Any CPU = Debug|Any CPU
		Release|Any CPU = Release|Any CPU
	EndGlobalSection
	GlobalSection(ProjectConfigurationPlatforms) = postSolution
		{138DA33B-3556-4583-9657-E161C6A8D189}.Debug|Any CPU.ActiveCfg = Debug|Any CPU
		{138DA33B-3556-4583-9657-E161C6A8D189}.Debug|Any CPU.Build.0 = Debug|Any CPU
		{138DA33B-3556-4583-9657-E161C6A8D189}.Release|Any CPU.ActiveCfg = Release|Any CPU
		{138DA33B-3556-4583-9657-E161C6A8D189}.Release|Any CPU.Build.0 = Release|Any CPU
		{70A0739A-8462-4CB9-948D-5551C5D17D8F}.Debug|Any CPU.ActiveCfg = Debug|Any CPU
		{70A0739A-8462-4CB9-948D-5551C5D17D8F}.Debug|Any CPU.Build.0 = Debug|Any CPU
		{70A0739A-8462-4CB9-948D-5551C5D17D8F}.Release|Any CPU.ActiveCfg = Release|Any CPU
		{70A0739A-8462-4CB9-948D-5551C5D17D8F}.Release|Any CPU.Build.0 = Release|Any CPU
		{01DA9B21-776C-4E36-B679-AA87A37502EE}.Debug|Any CPU.ActiveCfg = Debug|Any CPU
		{01DA9B21-776C-4E36-B679-AA87A37502EE}.Debug|Any CPU.Build.0 = Debug|Any CPU
		{01DA9B21-776C-4E36-B679-AA87A37502EE}.Release|Any CPU.ActiveCfg = Release|Any CPU
		{01DA9B21-776C-4E36-B679-AA87A37502EE}.Release|Any CPU.Build.0 = Release|Any CPU
	EndGlobalSection
	GlobalSection(SolutionProperties) = preSolution
		HideSolutionNode = FALSE
	EndGlobalSection
	GlobalSection(ExtensibilityGlobals) = postSolution
		SolutionGuid = {7B6A8F1B-0D2E-4AC0-8A3E-4F15114FD6CC}
	EndGlobalSection
EndGlobal
